<?xml version="1.0" encoding="utf-8"?>
<Project ToolsVersion="4.0" xmlns="http://schemas.microsoft.com/developer/msbuild/2003">
  <ItemGroup>
    <Filter Include="來源檔案">
      <UniqueIdentifier>{4FC737F1-C7A5-4376-A066-2A32D752A2FF}</UniqueIdentifier>
      <Extensions>cpp;c;cc;cxx;def;odl;idl;hpj;bat;asm;asmx</Extensions>
    </Filter>
    <Filter Include="標頭檔">
      <UniqueIdentifier>{93995380-89BD-4b04-88EB-625FBE52EBFB}</UniqueIdentifier>
      <Extensions>h;hh;hpp;hxx;hm;inl;inc;xsd</Extensions>
    </Filter>
    <Filter Include="資源檔">
      <UniqueIdentifier>{67DA6AB6-F800-4c08-8B7A-83BB121AAD01}</UniqueIdentifier>
      <Extensions>rc;ico;cur;bmp;dlg;rc2;rct;bin;rgs;gif;jpg;jpeg;jpe;resx;tiff;tif;png;wav;mfcribbon-ms</Extensions>
    </Filter>
    <Filter Include="來源檔案\Base">
      <UniqueIdentifier>{b47231be-71b5-47ad-a59b-1dad985cbb17}</UniqueIdentifier>
    </Filter>
    <Filter Include="來源檔案\Base\Audio">
      <UniqueIdentifier>{52e6cf0f-087f-4aa5-8d3c-b540e9d7e054}</UniqueIdentifier>
    </Filter>
    <Filter Include="來源檔案\Base\Config">
      <UniqueIdentifier>{876c942e-eb77-4d2b-b607-d499188ce71d}</UniqueIdentifier>
    </Filter>
    <Filter Include="來源檔案\Base\Graphic">
      <UniqueIdentifier>{509f8f57-bd33-49c2-a694-3331c5ccd976}</UniqueIdentifier>
    </Filter>
    <Filter Include="來源檔案\Base\Graphic\Map">
      <UniqueIdentifier>{66fed2c7-33b6-4b56-b9a9-566a16414da8}</UniqueIdentifier>
    </Filter>
    <Filter Include="來源檔案\Base\Graphic\Map\Builder">
      <UniqueIdentifier>{e0fac2ff-c77b-4473-8fd3-e678a2d8f630}</UniqueIdentifier>
    </Filter>
    <Filter Include="來源檔案\Base\Graphic\Renderer">
      <UniqueIdentifier>{b9660b82-fee8-41ee-9798-a7ecfbfed1eb}</UniqueIdentifier>
    </Filter>
    <Filter Include="來源檔案\Base\LedDriver">
      <UniqueIdentifier>{ae8710b1-77bd-414d-89cd-4b1734e15b6e}</UniqueIdentifier>
    </Filter>
    <Filter Include="來源檔案\Base\Ruleset">
      <UniqueIdentifier>{e98acdf5-b1ff-496d-b526-489a31d12475}</UniqueIdentifier>
    </Filter>
    <Filter Include="來源檔案\Base\Ruleset\Mod">
      <UniqueIdentifier>{5f0c8bc0-c3bd-4c69-8369-17e84d315e27}</UniqueIdentifier>
    </Filter>
    <Filter Include="來源檔案\Base\Scheduler">
      <UniqueIdentifier>{dc7542f1-f488-4525-b0f7-5ce192292d22}</UniqueIdentifier>
    </Filter>
    <Filter Include="來源檔案\Base\Sheetmusic">
      <UniqueIdentifier>{b1e5452f-c54d-4b50-b125-a98dd28cd148}</UniqueIdentifier>
    </Filter>
    <Filter Include="來源檔案\Base\Sheetmusic\Format">
      <UniqueIdentifier>{98f05cb6-2d93-4ef4-8e21-05c603177691}</UniqueIdentifier>
    </Filter>
    <Filter Include="來源檔案\Base\Sheetmusic\IO">
      <UniqueIdentifier>{7a8c5739-55a5-4757-8220-08dbdf16fe21}</UniqueIdentifier>
    </Filter>
    <Filter Include="標頭檔\Base">
      <UniqueIdentifier>{2723fef1-aafa-45fb-bc73-3313e6550d94}</UniqueIdentifier>
    </Filter>
    <Filter Include="標頭檔\Base\Audio">
      <UniqueIdentifier>{43b88f58-650a-41b6-8101-05c5c81a3555}</UniqueIdentifier>
    </Filter>
    <Filter Include="標頭檔\Base\Config">
      <UniqueIdentifier>{3a594a5c-f9c9-423b-b545-bbff5cbdf73e}</UniqueIdentifier>
    </Filter>
    <Filter Include="標頭檔\Base\Graphic">
      <UniqueIdentifier>{d9f3edba-2177-4212-8fa7-e7f7250f8455}</UniqueIdentifier>
    </Filter>
    <Filter Include="標頭檔\Base\Graphic\Map">
      <UniqueIdentifier>{c226911d-0f33-4712-83a5-c634c2aa056c}</UniqueIdentifier>
    </Filter>
    <Filter Include="標頭檔\Base\Graphic\Map\Builder">
      <UniqueIdentifier>{d2e13dfb-0f6a-4270-9896-4163857c5a16}</UniqueIdentifier>
    </Filter>
    <Filter Include="標頭檔\Base\Graphic\Renderer">
      <UniqueIdentifier>{dd2cc401-e926-4c0f-8705-fb842c966ce0}</UniqueIdentifier>
    </Filter>
    <Filter Include="標頭檔\Base\LedDriver">
      <UniqueIdentifier>{d7d69f68-c3af-4120-ae96-74174d600029}</UniqueIdentifier>
    </Filter>
    <Filter Include="標頭檔\Base\Ruleset">
      <UniqueIdentifier>{84536ac4-1aeb-4147-9996-d843bc60286c}</UniqueIdentifier>
    </Filter>
    <Filter Include="標頭檔\Base\Ruleset\Mod">
      <UniqueIdentifier>{a9628056-7986-46e1-a9fb-f11c8409f00f}</UniqueIdentifier>
    </Filter>
    <Filter Include="標頭檔\Base\Scheduler">
      <UniqueIdentifier>{3fc45852-de71-42f6-a695-15fc7d33716f}</UniqueIdentifier>
    </Filter>
    <Filter Include="標頭檔\Base\Sheetmusic">
      <UniqueIdentifier>{11fd7402-738a-4c3b-82f2-b67055d74555}</UniqueIdentifier>
    </Filter>
    <Filter Include="標頭檔\Base\Sheetmusic\Format">
      <UniqueIdentifier>{6cfab30d-a591-47d8-9dfe-3fdbeb79128e}</UniqueIdentifier>
    </Filter>
    <Filter Include="標頭檔\Base\Sheetmusic\IO">
      <UniqueIdentifier>{fbffc68a-9def-4f45-a18f-1cfd4c19744b}</UniqueIdentifier>
    </Filter>
    <Filter Include="標頭檔\Util">
      <UniqueIdentifier>{8dcdda0b-686c-44eb-8ea2-ba3507645485}</UniqueIdentifier>
    </Filter>
    <Filter Include="標頭檔\Base\Scheduler\Event">
      <UniqueIdentifier>{165c21fd-5e28-4d17-8324-47edb46bd3e3}</UniqueIdentifier>
    </Filter>
    <Filter Include="標頭檔\Base\Scheduler\Event\effect">
      <UniqueIdentifier>{df56837d-3ce4-4e7a-9643-c5e938e0ab42}</UniqueIdentifier>
    </Filter>
    <Filter Include="來源檔案\Base\Scheduler\Event">
      <UniqueIdentifier>{19a8d4ba-2469-466c-9f2c-4c16b7ce90fc}</UniqueIdentifier>
    </Filter>
    <Filter Include="來源檔案\Base\Scheduler\Event\Effect">
      <UniqueIdentifier>{14675e33-753d-424d-8515-ff8015873bf3}</UniqueIdentifier>
    </Filter>
    <Filter Include="標頭檔\Base\Sheetmusic\ControlPoint">
      <UniqueIdentifier>{89ca8d74-69a5-4e96-bc1d-0f500b63b1d7}</UniqueIdentifier>
    </Filter>
    <Filter Include="來源檔案\Base\Sheetmusic\ControlPoint">
      <UniqueIdentifier>{7a92ee2b-4f53-4bd0-8fb2-22c08d48d392}</UniqueIdentifier>
    </Filter>
    <Filter Include="標頭檔\Base\play">
      <UniqueIdentifier>{6e8bb58a-6b7d-413c-8830-74d6c0444286}</UniqueIdentifier>
    </Filter>
    <Filter Include="標頭檔\Util\Hierachal">
      <UniqueIdentifier>{1e0527f3-4ccf-4628-a294-61ed2047cf6b}</UniqueIdentifier>
    </Filter>
    <Filter Include="標頭檔\Base\Sheetmusic\Format\EventParser">
      <UniqueIdentifier>{311d5e29-ec8f-4ccd-a0f0-cf9ed6d9b21e}</UniqueIdentifier>
    </Filter>
    <Filter Include="標頭檔\Base\Sheetmusic\Pattern">
      <UniqueIdentifier>{5e4fb93a-ba6a-4be6-b91f-4f5aa8c64f8d}</UniqueIdentifier>
    </Filter>
    <Filter Include="來源檔案\Base\Sheetmusic\Format\Parser">
      <UniqueIdentifier>{8b5fb90a-e9a6-41c2-be2e-d33ee248af3c}</UniqueIdentifier>
    </Filter>
    <Filter Include="來源檔案\Base\Play">
      <UniqueIdentifier>{7637adda-0945-49e7-926a-23c375bfb868}</UniqueIdentifier>
    </Filter>
    <Filter Include="標頭檔\Util\Update">
      <UniqueIdentifier>{d0e667ee-da3f-4813-b392-76c348becd3b}</UniqueIdentifier>
    </Filter>
    <Filter Include="標頭檔\Base\Scheduler\Event\effect\Algorithm">
      <UniqueIdentifier>{a05af13c-2f13-4af3-b664-cd0daf5e921a}</UniqueIdentifier>
    </Filter>
    <Filter Include="標頭檔\Base\Graphic\Renderer\MapAlgorithm">
      <UniqueIdentifier>{8a482063-0e98-4434-8c87-5b35ecb5e4f4}</UniqueIdentifier>
    </Filter>
    <Filter Include="來源檔案\Base\Graphic\Renderer\MapAlgorithm">
      <UniqueIdentifier>{52c380ad-a60b-4359-95a1-9b11d00ed1d1}</UniqueIdentifier>
    </Filter>
    <Filter Include="來源檔案\Util">
      <UniqueIdentifier>{27e2dd69-02ef-4b06-8854-6358d4c8958f}</UniqueIdentifier>
    </Filter>
    <Filter Include="來源檔案\Util\Hierachal">
      <UniqueIdentifier>{d7c0b1a1-1ec9-4215-9500-326597fd9de7}</UniqueIdentifier>
    </Filter>
  </ItemGroup>
  <ItemGroup>
    <ClCompile Include="Main.cpp">
      <Filter>來源檔案</Filter>
    </ClCompile>
    <ClCompile Include="Base\Config\ConfigManager.cpp">
      <Filter>來源檔案\Base\Config</Filter>
    </ClCompile>
    <ClCompile Include="Base\Graphic\Renderer\renderer.cpp">
      <Filter>來源檔案\Base\Graphic\Renderer</Filter>
    </ClCompile>
    <ClCompile Include="Base\Graphic\Map\Map.cpp">
      <Filter>來源檔案\Base\Graphic\Map</Filter>
    </ClCompile>
    <ClCompile Include="Base\Graphic\Map\Builder\MapBuilder.cpp">
      <Filter>來源檔案\Base\Graphic\Map\Builder</Filter>
    </ClCompile>
    <ClCompile Include="Base\LedDriver\dma.c">
      <Filter>來源檔案\Base\LedDriver</Filter>
    </ClCompile>
    <ClCompile Include="Base\LedDriver\mailbox.c">
      <Filter>來源檔案\Base\LedDriver</Filter>
    </ClCompile>
    <ClCompile Include="Base\LedDriver\pcm.c">
      <Filter>來源檔案\Base\LedDriver</Filter>
    </ClCompile>
    <ClCompile Include="Base\LedDriver\pwm.c">
      <Filter>來源檔案\Base\LedDriver</Filter>
    </ClCompile>
    <ClCompile Include="Base\LedDriver\rpihw.c">
      <Filter>來源檔案\Base\LedDriver</Filter>
    </ClCompile>
    <ClCompile Include="Base\LedDriver\ws2811.c">
      <Filter>來源檔案\Base\LedDriver</Filter>
    </ClCompile>
    <ClCompile Include="Base\Ruleset\RulesetExecutor.cpp">
      <Filter>來源檔案\Base\Ruleset</Filter>
    </ClCompile>
    <ClCompile Include="Base\Ruleset\Mod\Mod.cpp">
      <Filter>來源檔案\Base\Ruleset\Mod</Filter>
    </ClCompile>
    <ClCompile Include="Base\Scheduler\Scheduler.cpp">
      <Filter>來源檔案\Base\Scheduler</Filter>
    </ClCompile>
    <ClCompile Include="Base\Scheduler\Event\Event.cpp">
      <Filter>來源檔案\Base\Scheduler\Event</Filter>
    </ClCompile>
    <ClCompile Include="Base\Scheduler\Event\EventProcessorMaster.cpp">
      <Filter>來源檔案\Base\Scheduler\Event</Filter>
    </ClCompile>
    <ClCompile Include="Base\Scheduler\Event\Effect\Effect.cpp">
      <Filter>來源檔案\Base\Scheduler\Event\Effect</Filter>
    </ClCompile>
    <ClCompile Include="Base\Sheetmusic\Sheetmusic.cpp">
      <Filter>來源檔案\Base\Sheetmusic</Filter>
    </ClCompile>
    <ClCompile Include="Base\Sheetmusic\SheetmusicConverter.cpp">
      <Filter>來源檔案\Base\Sheetmusic</Filter>
    </ClCompile>
    <ClCompile Include="Base\Sheetmusic\IO\FileReader.cpp">
      <Filter>來源檔案\Base\Sheetmusic\IO</Filter>
    </ClCompile>
    <ClCompile Include="Base\Sheetmusic\Format\sm_decoder.cpp">
      <Filter>來源檔案\Base\Sheetmusic\Format</Filter>
    </ClCompile>
    <ClCompile Include="Base\Sheetmusic\ControlPoint\ControlPoint.cpp">
      <Filter>來源檔案\Base\Sheetmusic\ControlPoint</Filter>
    </ClCompile>
    <ClCompile Include="Base\Play\Playfield.cpp">
      <Filter>來源檔案\Base\Play</Filter>
    </ClCompile>
    <ClCompile Include="Base\Scheduler\Event\EventProcessor.cpp">
      <Filter>來源檔案\Base\Scheduler\Event</Filter>
    </ClCompile>
    <ClCompile Include="Base\Scheduler\Event\Effect\EffectMapper.cpp">
      <Filter>來源檔案\Base\Scheduler\Event\Effect</Filter>
    </ClCompile>
    <ClCompile Include="Base\Graphic\Renderer\MapAlgorithm\HardwareMapAlgorithm.cpp">
      <Filter>來源檔案\Base\Graphic\Renderer\MapAlgorithm</Filter>
    </ClCompile>
    <ClCompile Include="Util\InstanceCreator.cpp">
      <Filter>來源檔案\Util</Filter>
    </ClCompile>
    <ClCompile Include="Util\Cachable.cpp">
      <Filter>來源檔案\Util\Hierachal</Filter>
    </ClCompile>
    <ClCompile Include="Util\Hierachal\Loadable.cpp">
      <Filter>來源檔案\Util\Hierachal</Filter>
    </ClCompile>
    <ClCompile Include="Util\Hierachal\LoadStateHandler.cpp">
      <Filter>來源檔案\Util\Hierachal</Filter>
    </ClCompile>
    <ClCompile Include="Util\Hierachal\ChildAddable.cpp">
      <Filter>來源檔案\Util\Hierachal</Filter>
    </ClCompile>
  </ItemGroup>
  <ItemGroup>
    <Text Include="DailyLog.txt">
      <Filter>資源檔</Filter>
    </Text>
  </ItemGroup>
  <ItemGroup>
    <ClInclude Include="Base\Config\ConfigManager.h">
      <Filter>標頭檔\Base\Config</Filter>
    </ClInclude>
    <ClInclude Include="Base\Graphic\Map\Map.h">
      <Filter>標頭檔\Base\Graphic\Map</Filter>
    </ClInclude>
    <ClInclude Include="Base\Graphic\Renderer\renderer.h">
      <Filter>標頭檔\Base\Graphic\Renderer</Filter>
    </ClInclude>
    <ClInclude Include="Base\Graphic\Map\Builder\MapBuilder.h">
      <Filter>標頭檔\Base\Graphic\Map\Builder</Filter>
    </ClInclude>
    <ClInclude Include="Base\LedDriver\clk.h">
      <Filter>標頭檔\Base\LedDriver</Filter>
    </ClInclude>
    <ClInclude Include="Base\LedDriver\dma.h">
      <Filter>標頭檔\Base\LedDriver</Filter>
    </ClInclude>
    <ClInclude Include="Base\LedDriver\gpio.h">
      <Filter>標頭檔\Base\LedDriver</Filter>
    </ClInclude>
    <ClInclude Include="Base\LedDriver\mailbox.h">
      <Filter>標頭檔\Base\LedDriver</Filter>
    </ClInclude>
    <ClInclude Include="Base\LedDriver\pcm.h">
      <Filter>標頭檔\Base\LedDriver</Filter>
    </ClInclude>
    <ClInclude Include="Base\LedDriver\pwm.h">
      <Filter>標頭檔\Base\LedDriver</Filter>
    </ClInclude>
    <ClInclude Include="Base\LedDriver\rpihw.h">
      <Filter>標頭檔\Base\LedDriver</Filter>
    </ClInclude>
    <ClInclude Include="Base\LedDriver\ws2811.h">
      <Filter>標頭檔\Base\LedDriver</Filter>
    </ClInclude>
    <ClInclude Include="Base\Play\Player.h">
      <Filter>標頭檔\Base\play</Filter>
    </ClInclude>
    <ClInclude Include="Base\Play\Playfield.h">
      <Filter>標頭檔\Base\play</Filter>
    </ClInclude>
    <ClInclude Include="Base\Ruleset\Ruleset.h">
      <Filter>標頭檔\Base\Ruleset</Filter>
    </ClInclude>
    <ClInclude Include="Base\Ruleset\RulesetExecutor.h">
      <Filter>標頭檔\Base\Ruleset</Filter>
    </ClInclude>
    <ClInclude Include="Base\Ruleset\RulesetInfo.h">
      <Filter>標頭檔\Base\Ruleset</Filter>
    </ClInclude>
    <ClInclude Include="Base\Ruleset\Mod\Mod.h">
      <Filter>標頭檔\Base\Ruleset\Mod</Filter>
    </ClInclude>
    <ClInclude Include="Base\Scheduler\Scheduler.h">
      <Filter>標頭檔\Base\Scheduler</Filter>
    </ClInclude>
    <ClInclude Include="Base\Scheduler\Event\Event.h">
      <Filter>標頭檔\Base\Scheduler\Event</Filter>
    </ClInclude>
    <ClInclude Include="Base\Scheduler\Event\EventProcessor.h">
      <Filter>標頭檔\Base\Scheduler\Event</Filter>
    </ClInclude>
    <ClInclude Include="Base\Scheduler\Event\EventProcessorMaster.h">
      <Filter>標頭檔\Base\Scheduler\Event</Filter>
    </ClInclude>
    <ClInclude Include="Base\Scheduler\Event\Effect\Effect.h">
      <Filter>標頭檔\Base\Scheduler\Event\effect</Filter>
    </ClInclude>
    <ClInclude Include="Base\Sheetmusic\Sheetmusic.h">
      <Filter>標頭檔\Base\Sheetmusic</Filter>
    </ClInclude>
    <ClInclude Include="Base\Sheetmusic\SheetmusicConverter.h">
      <Filter>標頭檔\Base\Sheetmusic</Filter>
    </ClInclude>
    <ClInclude Include="Base\Sheetmusic\SheetmusicDifficulty.h">
      <Filter>標頭檔\Base\Sheetmusic</Filter>
    </ClInclude>
    <ClInclude Include="Base\Sheetmusic\SheetmusicInfo.h">
      <Filter>標頭檔\Base\Sheetmusic</Filter>
    </ClInclude>
    <ClInclude Include="Base\Sheetmusic\SheetmusicManager.h">
      <Filter>標頭檔\Base\Sheetmusic</Filter>
    </ClInclude>
    <ClInclude Include="Base\Sheetmusic\SheetmusicMetadata.h">
      <Filter>標頭檔\Base\Sheetmusic</Filter>
    </ClInclude>
    <ClInclude Include="Base\Sheetmusic\SheetmusicPostprocesser.h">
      <Filter>標頭檔\Base\Sheetmusic</Filter>
    </ClInclude>
    <ClInclude Include="Base\Sheetmusic\WorkingSheetmusic.h">
      <Filter>標頭檔\Base\Sheetmusic</Filter>
    </ClInclude>
    <ClInclude Include="Base\Sheetmusic\Pattern\pattern.h">
      <Filter>標頭檔\Base\Sheetmusic\Pattern</Filter>
    </ClInclude>
    <ClInclude Include="Base\Sheetmusic\Pattern\pattern_generator.h">
      <Filter>標頭檔\Base\Sheetmusic\Pattern</Filter>
    </ClInclude>
    <ClInclude Include="Base\Sheetmusic\IO\FileReader.h">
      <Filter>標頭檔\Base\Sheetmusic\IO</Filter>
    </ClInclude>
    <ClInclude Include="Base\Sheetmusic\Format\Parser\EventParser.h">
      <Filter>標頭檔\Base\Sheetmusic\Format\EventParser</Filter>
    </ClInclude>
    <ClInclude Include="Base\Sheetmusic\ControlPoint\ControlPoint.h">
      <Filter>標頭檔\Base\Sheetmusic\ControlPoint</Filter>
    </ClInclude>
    <ClInclude Include="Util\InstanceCreator.h">
      <Filter>標頭檔\Util</Filter>
    </ClInclude>
    <ClInclude Include="Util\MtoClock.h">
      <Filter>標頭檔\Util</Filter>
    </ClInclude>
    <ClInclude Include="Util\MtoObject.h">
      <Filter>標頭檔\Util</Filter>
    </ClInclude>
    <ClInclude Include="Util\MtoType.h">
      <Filter>標頭檔\Util</Filter>
    </ClInclude>
    <ClInclude Include="Util\Singleton.h">
      <Filter>標頭檔\Util</Filter>
    </ClInclude>
    <ClInclude Include="Util\TemplateConstraint.h">
      <Filter>標頭檔\Util</Filter>
    </ClInclude>
    <ClInclude Include="Util\Hierachal\Cachable.h">
      <Filter>標頭檔\Util\Hierachal</Filter>
    </ClInclude>
    <ClInclude Include="Util\Hierachal\ChildAddable.h">
      <Filter>標頭檔\Util\Hierachal</Filter>
    </ClInclude>
    <ClInclude Include="Util\Hierachal\HasParent.h">
      <Filter>標頭檔\Util\Hierachal</Filter>
    </ClInclude>
    <ClInclude Include="Util\Hierachal\Loadable.h">
      <Filter>標頭檔\Util\Hierachal</Filter>
    </ClInclude>
    <ClInclude Include="Util\Update\Updatable.h">
      <Filter>標頭檔\Util\Update</Filter>
    </ClInclude>
    <ClInclude Include="Util\Update\Updater.h">
      <Filter>標頭檔\Util\Update</Filter>
    </ClInclude>
    <ClInclude Include="Base\Scheduler\Event\Effect\EffectMapper.h">
      <Filter>標頭檔\Base\Scheduler\Event\effect</Filter>
    </ClInclude>
    <ClInclude Include="Base\Sheetmusic\Format\SmDecoder.h">
      <Filter>標頭檔\Base\Sheetmusic\Format</Filter>
    </ClInclude>
    <ClInclude Include="Base\Graphic\Renderer\MapAlgorithm\HardwareMapAlgorithm.h">
      <Filter>標頭檔\Base\Graphic\Renderer\MapAlgorithm</Filter>
    </ClInclude>
  </ItemGroup>
</Project>